
Microsoft Visual Studio Solution File, Format Version 12.00
# Visual Studio Version 17
VisualStudioVersion = 17.4.33213.308
MinimumVisualStudioVersion = 10.0.40219.1
Project("{FAE04EC0-301F-11D3-BF4B-00C04F79EFBC}") = "RazorHotelDB23inClass", "RazorHotelDB23inClass\RazorHotelDB23inClass.csproj", "{B2D63B50-D587-44F5-9257-E0636C3695EB}"
EndProject
Global
	GlobalSection(SolutionConfigurationPlatforms) = preSolution
		Debug|Any CPU = Debug|Any CPU
		Release|Any CPU = Release|Any CPU
	EndGlobalSection
	GlobalSection(ProjectConfigurationPlatforms) = postSolution
		{B2D63B50-D587-44F5-9257-E0636C3695EB}.Debug|Any CPU.ActiveCfg = Debug|Any CPU
		{B2D63B50-D587-44F5-9257-E0636C3695EB}.Debug|Any CPU.Build.0 = Debug|Any CPU
		{B2D63B50-D587-44F5-9257-E0636C3695EB}.Release|Any CPU.ActiveCfg = Release|Any CPU
		{B2D63B50-D587-44F5-9257-E0636C3695EB}.Release|Any CPU.Build.0 = Release|Any CPU
	EndGlobalSection
	GlobalSection(SolutionProperties) = preSolution
		HideSolutionNode = FALSE
	EndGlobalSection
	GlobalSection(ExtensibilityGlobals) = postSolution
		SolutionGuid = {3AA3A6D2-554A-4A8F-A43A-E26B66FCD679}
	EndGlobalSection
EndGlobal
